
Microsoft Visual Studio Solution File, Format Version 12.00
# Visual Studio Version 16
VisualStudioVersion = 16.0.29709.97
MinimumVisualStudioVersion = 15.0.26124.0
Project("{2150E333-8FDC-42A3-9474-1A3956D46DE8}") = "src", "src", "{39CBC28C-A189-4A8B-A5A0-EB4F89A684CF}"
EndProject
Project("{9A19103F-16F7-4668-BE54-9A1E7A4F7556}") = "MicroElements.Metadata", "src\MicroElements.Metadata\MicroElements.Metadata.csproj", "{6F52F188-D606-410C-94A3-362FDBF2D313}"
EndProject
Project("{2150E333-8FDC-42A3-9474-1A3956D46DE8}") = "test", "test", "{BC47333A-FBE7-4A16-849A-709C6EBF7D40}"
EndProject
Project("{9A19103F-16F7-4668-BE54-9A1E7A4F7556}") = "MicroElements.Metadata.Tests", "test\MicroElements.Metadata.Tests\MicroElements.Metadata.Tests.csproj", "{CF7DDA34-9B70-47CC-B0E1-D4440892308C}"
EndProject
Project("{2150E333-8FDC-42A3-9474-1A3956D46DE8}") = "Solution Items", "Solution Items", "{3324E7E9-251C-4996-AF33-AAF79DC681A9}"
	ProjectSection(SolutionItems) = preProject
		.editorconfig = .editorconfig
		.travis.yml = .travis.yml
		build.sh = build.sh
		CHANGELOG.md = CHANGELOG.md
		common.props = common.props
		src\Directory.Build.props = src\Directory.Build.props
		.github\workflows\github_build_and_publish.yml = .github\workflows\github_build_and_publish.yml
		src\GlobalSuppressions.cs = src\GlobalSuppressions.cs
		README.md = README.md
		src\stylecop.json = src\stylecop.json
		src\stylecop.props = src\stylecop.props
		src\stylecop.ruleset = src\stylecop.ruleset
		version.props = version.props
	EndProjectSection
EndProject
Project("{9A19103F-16F7-4668-BE54-9A1E7A4F7556}") = "MicroElements.Metadata.OpenXml", "src\MicroElements.Metadata.OpenXml\MicroElements.Metadata.OpenXml.csproj", "{777D53F1-F5E0-45D4-8FEB-EC5394BD036D}"
EndProject
Project("{9A19103F-16F7-4668-BE54-9A1E7A4F7556}") = "MicroElements.Metadata.NewtonsoftJson", "src\MicroElements.Metadata.NewtonsoftJson\MicroElements.Metadata.NewtonsoftJson.csproj", "{28E81DBD-9A52-4F38-ABA4-DD10065E9B0C}"
EndProject
Project("{9A19103F-16F7-4668-BE54-9A1E7A4F7556}") = "MicroElements.Metadata.All", "src\MicroElements.Metadata.All\MicroElements.Metadata.All.csproj", "{81E987BF-60FD-44F2-B528-78F9D5A3D112}"
EndProject
Project("{9A19103F-16F7-4668-BE54-9A1E7A4F7556}") = "MicroElements.Metadata.AspNetCore", "src\MicroElements.Metadata.AspNetCore\MicroElements.Metadata.AspNetCore.csproj", "{61472F78-BCBB-4ADC-9F73-422D21AA3CEA}"
EndProject
Project("{9A19103F-16F7-4668-BE54-9A1E7A4F7556}") = "MicroElements.Metadata.SystemTextJson", "src\MicroElements.Metadata.SystemTextJson\MicroElements.Metadata.SystemTextJson.csproj", "{E8CA4891-7E63-4F00-82DB-A9027C92D803}"
EndProject
Project("{9A19103F-16F7-4668-BE54-9A1E7A4F7556}") = "MicroElements.Metadata.SampleApp", "sample\MicroElements.Metadata.SampleApp\MicroElements.Metadata.SampleApp.csproj", "{0EAF2DC8-0818-4F59-8EBB-25F1F9FBC2BC}"
EndProject
Project("{9A19103F-16F7-4668-BE54-9A1E7A4F7556}") = "MicroElements.Metadata.Xml", "src\MicroElements.Metadata.Xml\MicroElements.Metadata.Xml.csproj", "{084BF851-1B96-4BE6-9C94-94D7AD7CAC7D}"
EndProject
Project("{9A19103F-16F7-4668-BE54-9A1E7A4F7556}") = "MicroElements.Metadata.FluentValidation", "src\MicroElements.Metadata.FluentValidation\MicroElements.Metadata.FluentValidation.csproj", "{12A1491E-3D2D-451D-B05C-350C62556827}"
EndProject
Project("{9A19103F-16F7-4668-BE54-9A1E7A4F7556}") = "MicroElements.Metadata.Benchmarks", "test\MicroElements.Metadata.Benchmarks\MicroElements.Metadata.Benchmarks.csproj", "{81C38035-F801-4CCB-A5A2-BAD92CBF9730}"
EndProject
Project("{FAE04EC0-301F-11D3-BF4B-00C04F79EFBC}") = "MicroElements.Metadata.Experimental", "src\MicroElements.Metadata.Experimental\MicroElements.Metadata.Experimental.csproj", "{D45D2A84-7725-4DD1-9218-4DD0C0DF56EA}"
EndProject
Project("{FAE04EC0-301F-11D3-BF4B-00C04F79EFBC}") = "MicroElements.Diagnostics", "src\MicroElements.Diagnostics\MicroElements.Diagnostics.csproj", "{63B52079-9574-4145-B6DC-2ED0B3F1BDF4}"
EndProject
Project("{FAE04EC0-301F-11D3-BF4B-00C04F79EFBC}") = "MicroElements.Metadata.Functional", "src\MicroElements.Metadata.Functional\MicroElements.Metadata.Functional.csproj", "{C41680FB-C814-4533-AD9E-011973376B1C}"
EndProject
Global
	GlobalSection(SolutionConfigurationPlatforms) = preSolution
		Debug|Any CPU = Debug|Any CPU
		Debug|x64 = Debug|x64
		Debug|x86 = Debug|x86
		Release|Any CPU = Release|Any CPU
		Release|x64 = Release|x64
		Release|x86 = Release|x86
	EndGlobalSection
	GlobalSection(ProjectConfigurationPlatforms) = postSolution
		{6F52F188-D606-410C-94A3-362FDBF2D313}.Debug|Any CPU.ActiveCfg = Debug|Any CPU
		{6F52F188-D606-410C-94A3-362FDBF2D313}.Debug|Any CPU.Build.0 = Debug|Any CPU
		{6F52F188-D606-410C-94A3-362FDBF2D313}.Debug|x64.ActiveCfg = Debug|Any CPU
		{6F52F188-D606-410C-94A3-362FDBF2D313}.Debug|x64.Build.0 = Debug|Any CPU
		{6F52F188-D606-410C-94A3-362FDBF2D313}.Debug|x86.ActiveCfg = Debug|Any CPU
		{6F52F188-D606-410C-94A3-362FDBF2D313}.Debug|x86.Build.0 = Debug|Any CPU
		{6F52F188-D606-410C-94A3-362FDBF2D313}.Release|Any CPU.ActiveCfg = Release|Any CPU
		{6F52F188-D606-410C-94A3-362FDBF2D313}.Release|Any CPU.Build.0 = Release|Any CPU
		{6F52F188-D606-410C-94A3-362FDBF2D313}.Release|x64.ActiveCfg = Release|Any CPU
		{6F52F188-D606-410C-94A3-362FDBF2D313}.Release|x64.Build.0 = Release|Any CPU
		{6F52F188-D606-410C-94A3-362FDBF2D313}.Release|x86.ActiveCfg = Release|Any CPU
		{6F52F188-D606-410C-94A3-362FDBF2D313}.Release|x86.Build.0 = Release|Any CPU
		{CF7DDA34-9B70-47CC-B0E1-D4440892308C}.Debug|Any CPU.ActiveCfg = Debug|Any CPU
		{CF7DDA34-9B70-47CC-B0E1-D4440892308C}.Debug|Any CPU.Build.0 = Debug|Any CPU
		{CF7DDA34-9B70-47CC-B0E1-D4440892308C}.Debug|x64.ActiveCfg = Debug|Any CPU
		{CF7DDA34-9B70-47CC-B0E1-D4440892308C}.Debug|x64.Build.0 = Debug|Any CPU
		{CF7DDA34-9B70-47CC-B0E1-D4440892308C}.Debug|x86.ActiveCfg = Debug|Any CPU
		{CF7DDA34-9B70-47CC-B0E1-D4440892308C}.Debug|x86.Build.0 = Debug|Any CPU
		{CF7DDA34-9B70-47CC-B0E1-D4440892308C}.Release|Any CPU.ActiveCfg = Release|Any CPU
		{CF7DDA34-9B70-47CC-B0E1-D4440892308C}.Release|Any CPU.Build.0 = Release|Any CPU
		{CF7DDA34-9B70-47CC-B0E1-D4440892308C}.Release|x64.ActiveCfg = Release|Any CPU
		{CF7DDA34-9B70-47CC-B0E1-D4440892308C}.Release|x64.Build.0 = Release|Any CPU
		{CF7DDA34-9B70-47CC-B0E1-D4440892308C}.Release|x86.ActiveCfg = Release|Any CPU
		{CF7DDA34-9B70-47CC-B0E1-D4440892308C}.Release|x86.Build.0 = Release|Any CPU
		{777D53F1-F5E0-45D4-8FEB-EC5394BD036D}.Debug|Any CPU.ActiveCfg = Debug|Any CPU
		{777D53F1-F5E0-45D4-8FEB-EC5394BD036D}.Debug|Any CPU.Build.0 = Debug|Any CPU
		{777D53F1-F5E0-45D4-8FEB-EC5394BD036D}.Debug|x64.ActiveCfg = Debug|Any CPU
		{777D53F1-F5E0-45D4-8FEB-EC5394BD036D}.Debug|x64.Build.0 = Debug|Any CPU
		{777D53F1-F5E0-45D4-8FEB-EC5394BD036D}.Debug|x86.ActiveCfg = Debug|Any CPU
		{777D53F1-F5E0-45D4-8FEB-EC5394BD036D}.Debug|x86.Build.0 = Debug|Any CPU
		{777D53F1-F5E0-45D4-8FEB-EC5394BD036D}.Release|Any CPU.ActiveCfg = Release|Any CPU
		{777D53F1-F5E0-45D4-8FEB-EC5394BD036D}.Release|Any CPU.Build.0 = Release|Any CPU
		{777D53F1-F5E0-45D4-8FEB-EC5394BD036D}.Release|x64.ActiveCfg = Release|Any CPU
		{777D53F1-F5E0-45D4-8FEB-EC5394BD036D}.Release|x64.Build.0 = Release|Any CPU
		{777D53F1-F5E0-45D4-8FEB-EC5394BD036D}.Release|x86.ActiveCfg = Release|Any CPU
		{777D53F1-F5E0-45D4-8FEB-EC5394BD036D}.Release|x86.Build.0 = Release|Any CPU
		{28E81DBD-9A52-4F38-ABA4-DD10065E9B0C}.Debug|Any CPU.ActiveCfg = Debug|Any CPU
		{28E81DBD-9A52-4F38-ABA4-DD10065E9B0C}.Debug|Any CPU.Build.0 = Debug|Any CPU
		{28E81DBD-9A52-4F38-ABA4-DD10065E9B0C}.Debug|x64.ActiveCfg = Debug|Any CPU
		{28E81DBD-9A52-4F38-ABA4-DD10065E9B0C}.Debug|x64.Build.0 = Debug|Any CPU
		{28E81DBD-9A52-4F38-ABA4-DD10065E9B0C}.Debug|x86.ActiveCfg = Debug|Any CPU
		{28E81DBD-9A52-4F38-ABA4-DD10065E9B0C}.Debug|x86.Build.0 = Debug|Any CPU
		{28E81DBD-9A52-4F38-ABA4-DD10065E9B0C}.Release|Any CPU.ActiveCfg = Release|Any CPU
		{28E81DBD-9A52-4F38-ABA4-DD10065E9B0C}.Release|Any CPU.Build.0 = Release|Any CPU
		{28E81DBD-9A52-4F38-ABA4-DD10065E9B0C}.Release|x64.ActiveCfg = Release|Any CPU
		{28E81DBD-9A52-4F38-ABA4-DD10065E9B0C}.Release|x64.Build.0 = Release|Any CPU
		{28E81DBD-9A52-4F38-ABA4-DD10065E9B0C}.Release|x86.ActiveCfg = Release|Any CPU
		{28E81DBD-9A52-4F38-ABA4-DD10065E9B0C}.Release|x86.Build.0 = Release|Any CPU
		{81E987BF-60FD-44F2-B528-78F9D5A3D112}.Debug|Any CPU.ActiveCfg = Debug|Any CPU
		{81E987BF-60FD-44F2-B528-78F9D5A3D112}.Debug|Any CPU.Build.0 = Debug|Any CPU
		{81E987BF-60FD-44F2-B528-78F9D5A3D112}.Debug|x64.ActiveCfg = Debug|Any CPU
		{81E987BF-60FD-44F2-B528-78F9D5A3D112}.Debug|x64.Build.0 = Debug|Any CPU
		{81E987BF-60FD-44F2-B528-78F9D5A3D112}.Debug|x86.ActiveCfg = Debug|Any CPU
		{81E987BF-60FD-44F2-B528-78F9D5A3D112}.Debug|x86.Build.0 = Debug|Any CPU
		{81E987BF-60FD-44F2-B528-78F9D5A3D112}.Release|Any CPU.ActiveCfg = Release|Any CPU
		{81E987BF-60FD-44F2-B528-78F9D5A3D112}.Release|Any CPU.Build.0 = Release|Any CPU
		{81E987BF-60FD-44F2-B528-78F9D5A3D112}.Release|x64.ActiveCfg = Release|Any CPU
		{81E987BF-60FD-44F2-B528-78F9D5A3D112}.Release|x64.Build.0 = Release|Any CPU
		{81E987BF-60FD-44F2-B528-78F9D5A3D112}.Release|x86.ActiveCfg = Release|Any CPU
		{81E987BF-60FD-44F2-B528-78F9D5A3D112}.Release|x86.Build.0 = Release|Any CPU
		{61472F78-BCBB-4ADC-9F73-422D21AA3CEA}.Debug|Any CPU.ActiveCfg = Debug|Any CPU
		{61472F78-BCBB-4ADC-9F73-422D21AA3CEA}.Debug|Any CPU.Build.0 = Debug|Any CPU
		{61472F78-BCBB-4ADC-9F73-422D21AA3CEA}.Debug|x64.ActiveCfg = Debug|Any CPU
		{61472F78-BCBB-4ADC-9F73-422D21AA3CEA}.Debug|x64.Build.0 = Debug|Any CPU
		{61472F78-BCBB-4ADC-9F73-422D21AA3CEA}.Debug|x86.ActiveCfg = Debug|Any CPU
		{61472F78-BCBB-4ADC-9F73-422D21AA3CEA}.Debug|x86.Build.0 = Debug|Any CPU
		{61472F78-BCBB-4ADC-9F73-422D21AA3CEA}.Release|Any CPU.ActiveCfg = Release|Any CPU
		{61472F78-BCBB-4ADC-9F73-422D21AA3CEA}.Release|Any CPU.Build.0 = Release|Any CPU
		{61472F78-BCBB-4ADC-9F73-422D21AA3CEA}.Release|x64.ActiveCfg = Release|Any CPU
		{61472F78-BCBB-4ADC-9F73-422D21AA3CEA}.Release|x64.Build.0 = Release|Any CPU
		{61472F78-BCBB-4ADC-9F73-422D21AA3CEA}.Release|x86.ActiveCfg = Release|Any CPU
		{61472F78-BCBB-4ADC-9F73-422D21AA3CEA}.Release|x86.Build.0 = Release|Any CPU
		{E8CA4891-7E63-4F00-82DB-A9027C92D803}.Debug|Any CPU.ActiveCfg = Debug|Any CPU
		{E8CA4891-7E63-4F00-82DB-A9027C92D803}.Debug|Any CPU.Build.0 = Debug|Any CPU
		{E8CA4891-7E63-4F00-82DB-A9027C92D803}.Debug|x64.ActiveCfg = Debug|Any CPU
		{E8CA4891-7E63-4F00-82DB-A9027C92D803}.Debug|x64.Build.0 = Debug|Any CPU
		{E8CA4891-7E63-4F00-82DB-A9027C92D803}.Debug|x86.ActiveCfg = Debug|Any CPU
		{E8CA4891-7E63-4F00-82DB-A9027C92D803}.Debug|x86.Build.0 = Debug|Any CPU
		{E8CA4891-7E63-4F00-82DB-A9027C92D803}.Release|Any CPU.ActiveCfg = Release|Any CPU
		{E8CA4891-7E63-4F00-82DB-A9027C92D803}.Release|Any CPU.Build.0 = Release|Any CPU
		{E8CA4891-7E63-4F00-82DB-A9027C92D803}.Release|x64.ActiveCfg = Release|Any CPU
		{E8CA4891-7E63-4F00-82DB-A9027C92D803}.Release|x64.Build.0 = Release|Any CPU
		{E8CA4891-7E63-4F00-82DB-A9027C92D803}.Release|x86.ActiveCfg = Release|Any CPU
		{E8CA4891-7E63-4F00-82DB-A9027C92D803}.Release|x86.Build.0 = Release|Any CPU
		{0EAF2DC8-0818-4F59-8EBB-25F1F9FBC2BC}.Debug|Any CPU.ActiveCfg = Debug|Any CPU
		{0EAF2DC8-0818-4F59-8EBB-25F1F9FBC2BC}.Debug|Any CPU.Build.0 = Debug|Any CPU
		{0EAF2DC8-0818-4F59-8EBB-25F1F9FBC2BC}.Debug|x64.ActiveCfg = Debug|Any CPU
		{0EAF2DC8-0818-4F59-8EBB-25F1F9FBC2BC}.Debug|x64.Build.0 = Debug|Any CPU
		{0EAF2DC8-0818-4F59-8EBB-25F1F9FBC2BC}.Debug|x86.ActiveCfg = Debug|Any CPU
		{0EAF2DC8-0818-4F59-8EBB-25F1F9FBC2BC}.Debug|x86.Build.0 = Debug|Any CPU
		{0EAF2DC8-0818-4F59-8EBB-25F1F9FBC2BC}.Release|Any CPU.ActiveCfg = Release|Any CPU
		{0EAF2DC8-0818-4F59-8EBB-25F1F9FBC2BC}.Release|Any CPU.Build.0 = Release|Any CPU
		{0EAF2DC8-0818-4F59-8EBB-25F1F9FBC2BC}.Release|x64.ActiveCfg = Release|Any CPU
		{0EAF2DC8-0818-4F59-8EBB-25F1F9FBC2BC}.Release|x64.Build.0 = Release|Any CPU
		{0EAF2DC8-0818-4F59-8EBB-25F1F9FBC2BC}.Release|x86.ActiveCfg = Release|Any CPU
		{0EAF2DC8-0818-4F59-8EBB-25F1F9FBC2BC}.Release|x86.Build.0 = Release|Any CPU
		{084BF851-1B96-4BE6-9C94-94D7AD7CAC7D}.Debug|Any CPU.ActiveCfg = Debug|Any CPU
		{084BF851-1B96-4BE6-9C94-94D7AD7CAC7D}.Debug|Any CPU.Build.0 = Debug|Any CPU
		{084BF851-1B96-4BE6-9C94-94D7AD7CAC7D}.Debug|x64.ActiveCfg = Debug|Any CPU
		{084BF851-1B96-4BE6-9C94-94D7AD7CAC7D}.Debug|x64.Build.0 = Debug|Any CPU
		{084BF851-1B96-4BE6-9C94-94D7AD7CAC7D}.Debug|x86.ActiveCfg = Debug|Any CPU
		{084BF851-1B96-4BE6-9C94-94D7AD7CAC7D}.Debug|x86.Build.0 = Debug|Any CPU
		{084BF851-1B96-4BE6-9C94-94D7AD7CAC7D}.Release|Any CPU.ActiveCfg = Release|Any CPU
		{084BF851-1B96-4BE6-9C94-94D7AD7CAC7D}.Release|Any CPU.Build.0 = Release|Any CPU
		{084BF851-1B96-4BE6-9C94-94D7AD7CAC7D}.Release|x64.ActiveCfg = Release|Any CPU
		{084BF851-1B96-4BE6-9C94-94D7AD7CAC7D}.Release|x64.Build.0 = Release|Any CPU
		{084BF851-1B96-4BE6-9C94-94D7AD7CAC7D}.Release|x86.ActiveCfg = Release|Any CPU
		{084BF851-1B96-4BE6-9C94-94D7AD7CAC7D}.Release|x86.Build.0 = Release|Any CPU
		{12A1491E-3D2D-451D-B05C-350C62556827}.Debug|Any CPU.ActiveCfg = Debug|Any CPU
		{12A1491E-3D2D-451D-B05C-350C62556827}.Debug|Any CPU.Build.0 = Debug|Any CPU
		{12A1491E-3D2D-451D-B05C-350C62556827}.Debug|x64.ActiveCfg = Debug|Any CPU
		{12A1491E-3D2D-451D-B05C-350C62556827}.Debug|x64.Build.0 = Debug|Any CPU
		{12A1491E-3D2D-451D-B05C-350C62556827}.Debug|x86.ActiveCfg = Debug|Any CPU
		{12A1491E-3D2D-451D-B05C-350C62556827}.Debug|x86.Build.0 = Debug|Any CPU
		{12A1491E-3D2D-451D-B05C-350C62556827}.Release|Any CPU.ActiveCfg = Release|Any CPU
		{12A1491E-3D2D-451D-B05C-350C62556827}.Release|Any CPU.Build.0 = Release|Any CPU
		{12A1491E-3D2D-451D-B05C-350C62556827}.Release|x64.ActiveCfg = Release|Any CPU
		{12A1491E-3D2D-451D-B05C-350C62556827}.Release|x64.Build.0 = Release|Any CPU
		{12A1491E-3D2D-451D-B05C-350C62556827}.Release|x86.ActiveCfg = Release|Any CPU
		{12A1491E-3D2D-451D-B05C-350C62556827}.Release|x86.Build.0 = Release|Any CPU
		{81C38035-F801-4CCB-A5A2-BAD92CBF9730}.Debug|Any CPU.ActiveCfg = Debug|Any CPU
		{81C38035-F801-4CCB-A5A2-BAD92CBF9730}.Debug|Any CPU.Build.0 = Debug|Any CPU
		{81C38035-F801-4CCB-A5A2-BAD92CBF9730}.Debug|x64.ActiveCfg = Debug|Any CPU
		{81C38035-F801-4CCB-A5A2-BAD92CBF9730}.Debug|x64.Build.0 = Debug|Any CPU
		{81C38035-F801-4CCB-A5A2-BAD92CBF9730}.Debug|x86.ActiveCfg = Debug|Any CPU
		{81C38035-F801-4CCB-A5A2-BAD92CBF9730}.Debug|x86.Build.0 = Debug|Any CPU
		{81C38035-F801-4CCB-A5A2-BAD92CBF9730}.Release|Any CPU.ActiveCfg = Release|Any CPU
		{81C38035-F801-4CCB-A5A2-BAD92CBF9730}.Release|Any CPU.Build.0 = Release|Any CPU
		{81C38035-F801-4CCB-A5A2-BAD92CBF9730}.Release|x64.ActiveCfg = Release|Any CPU
		{81C38035-F801-4CCB-A5A2-BAD92CBF9730}.Release|x64.Build.0 = Release|Any CPU
		{81C38035-F801-4CCB-A5A2-BAD92CBF9730}.Release|x86.ActiveCfg = Release|Any CPU
		{81C38035-F801-4CCB-A5A2-BAD92CBF9730}.Release|x86.Build.0 = Release|Any CPU
		{D45D2A84-7725-4DD1-9218-4DD0C0DF56EA}.Debug|Any CPU.ActiveCfg = Debug|Any CPU
		{D45D2A84-7725-4DD1-9218-4DD0C0DF56EA}.Debug|Any CPU.Build.0 = Debug|Any CPU
		{D45D2A84-7725-4DD1-9218-4DD0C0DF56EA}.Debug|x64.ActiveCfg = Debug|Any CPU
		{D45D2A84-7725-4DD1-9218-4DD0C0DF56EA}.Debug|x64.Build.0 = Debug|Any CPU
		{D45D2A84-7725-4DD1-9218-4DD0C0DF56EA}.Debug|x86.ActiveCfg = Debug|Any CPU
		{D45D2A84-7725-4DD1-9218-4DD0C0DF56EA}.Debug|x86.Build.0 = Debug|Any CPU
		{D45D2A84-7725-4DD1-9218-4DD0C0DF56EA}.Release|Any CPU.ActiveCfg = Release|Any CPU
		{D45D2A84-7725-4DD1-9218-4DD0C0DF56EA}.Release|Any CPU.Build.0 = Release|Any CPU
		{D45D2A84-7725-4DD1-9218-4DD0C0DF56EA}.Release|x64.ActiveCfg = Release|Any CPU
		{D45D2A84-7725-4DD1-9218-4DD0C0DF56EA}.Release|x64.Build.0 = Release|Any CPU
		{D45D2A84-7725-4DD1-9218-4DD0C0DF56EA}.Release|x86.ActiveCfg = Release|Any CPU
		{D45D2A84-7725-4DD1-9218-4DD0C0DF56EA}.Release|x86.Build.0 = Release|Any CPU
		{63B52079-9574-4145-B6DC-2ED0B3F1BDF4}.Debug|Any CPU.ActiveCfg = Debug|Any CPU
		{63B52079-9574-4145-B6DC-2ED0B3F1BDF4}.Debug|Any CPU.Build.0 = Debug|Any CPU
		{63B52079-9574-4145-B6DC-2ED0B3F1BDF4}.Debug|x64.ActiveCfg = Debug|Any CPU
		{63B52079-9574-4145-B6DC-2ED0B3F1BDF4}.Debug|x64.Build.0 = Debug|Any CPU
		{63B52079-9574-4145-B6DC-2ED0B3F1BDF4}.Debug|x86.ActiveCfg = Debug|Any CPU
		{63B52079-9574-4145-B6DC-2ED0B3F1BDF4}.Debug|x86.Build.0 = Debug|Any CPU
		{63B52079-9574-4145-B6DC-2ED0B3F1BDF4}.Release|Any CPU.ActiveCfg = Release|Any CPU
		{63B52079-9574-4145-B6DC-2ED0B3F1BDF4}.Release|Any CPU.Build.0 = Release|Any CPU
		{63B52079-9574-4145-B6DC-2ED0B3F1BDF4}.Release|x64.ActiveCfg = Release|Any CPU
		{63B52079-9574-4145-B6DC-2ED0B3F1BDF4}.Release|x64.Build.0 = Release|Any CPU
		{63B52079-9574-4145-B6DC-2ED0B3F1BDF4}.Release|x86.ActiveCfg = Release|Any CPU
		{63B52079-9574-4145-B6DC-2ED0B3F1BDF4}.Release|x86.Build.0 = Release|Any CPU
		{C41680FB-C814-4533-AD9E-011973376B1C}.Debug|Any CPU.ActiveCfg = Debug|Any CPU
		{C41680FB-C814-4533-AD9E-011973376B1C}.Debug|Any CPU.Build.0 = Debug|Any CPU
		{C41680FB-C814-4533-AD9E-011973376B1C}.Debug|x64.ActiveCfg = Debug|Any CPU
		{C41680FB-C814-4533-AD9E-011973376B1C}.Debug|x64.Build.0 = Debug|Any CPU
		{C41680FB-C814-4533-AD9E-011973376B1C}.Debug|x86.ActiveCfg = Debug|Any CPU
		{C41680FB-C814-4533-AD9E-011973376B1C}.Debug|x86.Build.0 = Debug|Any CPU
		{C41680FB-C814-4533-AD9E-011973376B1C}.Release|Any CPU.ActiveCfg = Release|Any CPU
		{C41680FB-C814-4533-AD9E-011973376B1C}.Release|Any CPU.Build.0 = Release|Any CPU
		{C41680FB-C814-4533-AD9E-011973376B1C}.Release|x64.ActiveCfg = Release|Any CPU
		{C41680FB-C814-4533-AD9E-011973376B1C}.Release|x64.Build.0 = Release|Any CPU
		{C41680FB-C814-4533-AD9E-011973376B1C}.Release|x86.ActiveCfg = Release|Any CPU
		{C41680FB-C814-4533-AD9E-011973376B1C}.Release|x86.Build.0 = Release|Any CPU
	EndGlobalSection
	GlobalSection(SolutionProperties) = preSolution
		HideSolutionNode = FALSE
	EndGlobalSection
	GlobalSection(NestedProjects) = preSolution
		{6F52F188-D606-410C-94A3-362FDBF2D313} = {39CBC28C-A189-4A8B-A5A0-EB4F89A684CF}
		{CF7DDA34-9B70-47CC-B0E1-D4440892308C} = {BC47333A-FBE7-4A16-849A-709C6EBF7D40}
		{777D53F1-F5E0-45D4-8FEB-EC5394BD036D} = {39CBC28C-A189-4A8B-A5A0-EB4F89A684CF}
		{28E81DBD-9A52-4F38-ABA4-DD10065E9B0C} = {39CBC28C-A189-4A8B-A5A0-EB4F89A684CF}
		{81E987BF-60FD-44F2-B528-78F9D5A3D112} = {39CBC28C-A189-4A8B-A5A0-EB4F89A684CF}
		{61472F78-BCBB-4ADC-9F73-422D21AA3CEA} = {39CBC28C-A189-4A8B-A5A0-EB4F89A684CF}
		{E8CA4891-7E63-4F00-82DB-A9027C92D803} = {39CBC28C-A189-4A8B-A5A0-EB4F89A684CF}
		{0EAF2DC8-0818-4F59-8EBB-25F1F9FBC2BC} = {BC47333A-FBE7-4A16-849A-709C6EBF7D40}
		{084BF851-1B96-4BE6-9C94-94D7AD7CAC7D} = {39CBC28C-A189-4A8B-A5A0-EB4F89A684CF}
		{12A1491E-3D2D-451D-B05C-350C62556827} = {39CBC28C-A189-4A8B-A5A0-EB4F89A684CF}
		{81C38035-F801-4CCB-A5A2-BAD92CBF9730} = {BC47333A-FBE7-4A16-849A-709C6EBF7D40}
		{D45D2A84-7725-4DD1-9218-4DD0C0DF56EA} = {39CBC28C-A189-4A8B-A5A0-EB4F89A684CF}
		{63B52079-9574-4145-B6DC-2ED0B3F1BDF4} = {39CBC28C-A189-4A8B-A5A0-EB4F89A684CF}
		{C41680FB-C814-4533-AD9E-011973376B1C} = {39CBC28C-A189-4A8B-A5A0-EB4F89A684CF}
	EndGlobalSection
	GlobalSection(ExtensibilityGlobals) = postSolution
		SolutionGuid = {58329F1B-0ADB-47A5-8677-7D0C87788051}
	EndGlobalSection
EndGlobal
