
Microsoft Visual Studio Solution File, Format Version 12.00
# Visual Studio Version 16
VisualStudioVersion = 16.0.29709.97
MinimumVisualStudioVersion = 15.0.26124.0
Project("{2150E333-8FDC-42A3-9474-1A3956D46DE8}") = "src", "src", "{39CBC28C-A189-4A8B-A5A0-EB4F89A684CF}"
EndProject
Project("{9A19103F-16F7-4668-BE54-9A1E7A4F7556}") = "MicroElements.Metadata", "src\MicroElements.Metadata\MicroElements.Metadata.csproj", "{6F52F188-D606-410C-94A3-362FDBF2D313}"
EndProject
Project("{2150E333-8FDC-42A3-9474-1A3956D46DE8}") = "test", "test", "{BC47333A-FBE7-4A16-849A-709C6EBF7D40}"
EndProject
Project("{9A19103F-16F7-4668-BE54-9A1E7A4F7556}") = "MicroElements.Metadata.Tests", "test\MicroElements.Metadata.Tests\MicroElements.Metadata.Tests.csproj", "{CF7DDA34-9B70-47CC-B0E1-D4440892308C}"
EndProject
Project("{2150E333-8FDC-42A3-9474-1A3956D46DE8}") = "Solution Items", "Solution Items", "{3324E7E9-251C-4996-AF33-AAF79DC681A9}"
	ProjectSection(SolutionItems) = preProject
		.editorconfig = .editorconfig
		.travis.yml = .travis.yml
		appveyor.yml = appveyor.yml
		build.sh = build.sh
		CHANGELOG.md = CHANGELOG.md
		common.props = common.props
		src\Directory.Build.props = src\Directory.Build.props
		src\GlobalSuppressions.cs = src\GlobalSuppressions.cs
		README.md = README.md
		src\stylecop.json = src\stylecop.json
		src\stylecop.props = src\stylecop.props
		src\stylecop.ruleset = src\stylecop.ruleset
		version.props = version.props
	EndProjectSection
EndProject
Project("{9A19103F-16F7-4668-BE54-9A1E7A4F7556}") = "MicroElements.Metadata.OpenXml", "src\MicroElements.Metadata.OpenXml\MicroElements.Metadata.OpenXml.csproj", "{777D53F1-F5E0-45D4-8FEB-EC5394BD036D}"
EndProject
Project("{FAE04EC0-301F-11D3-BF4B-00C04F79EFBC}") = "MicroElements.Metadata.Json", "src\MicroElements.Metadata.Json\MicroElements.Metadata.Json.csproj", "{306E5A13-F765-446C-9DD2-CCFA078E10EB}"
EndProject
Project("{FAE04EC0-301F-11D3-BF4B-00C04F79EFBC}") = "MicroElements.Metadata.NewtonsoftJson", "src\MicroElements.Metadata.NewtonsoftJson\MicroElements.Metadata.NewtonsoftJson.csproj", "{28E81DBD-9A52-4F38-ABA4-DD10065E9B0C}"
EndProject
Project("{FAE04EC0-301F-11D3-BF4B-00C04F79EFBC}") = "MicroElements.Metadata.All", "src\MicroElements.Metadata.All\MicroElements.Metadata.All.csproj", "{81E987BF-60FD-44F2-B528-78F9D5A3D112}"
EndProject
Global
	GlobalSection(SolutionConfigurationPlatforms) = preSolution
		Debug|Any CPU = Debug|Any CPU
		Debug|x64 = Debug|x64
		Debug|x86 = Debug|x86
		Release|Any CPU = Release|Any CPU
		Release|x64 = Release|x64
		Release|x86 = Release|x86
	EndGlobalSection
	GlobalSection(ProjectConfigurationPlatforms) = postSolution
		{6F52F188-D606-410C-94A3-362FDBF2D313}.Debug|Any CPU.ActiveCfg = Debug|Any CPU
		{6F52F188-D606-410C-94A3-362FDBF2D313}.Debug|Any CPU.Build.0 = Debug|Any CPU
		{6F52F188-D606-410C-94A3-362FDBF2D313}.Debug|x64.ActiveCfg = Debug|Any CPU
		{6F52F188-D606-410C-94A3-362FDBF2D313}.Debug|x64.Build.0 = Debug|Any CPU
		{6F52F188-D606-410C-94A3-362FDBF2D313}.Debug|x86.ActiveCfg = Debug|Any CPU
		{6F52F188-D606-410C-94A3-362FDBF2D313}.Debug|x86.Build.0 = Debug|Any CPU
		{6F52F188-D606-410C-94A3-362FDBF2D313}.Release|Any CPU.ActiveCfg = Release|Any CPU
		{6F52F188-D606-410C-94A3-362FDBF2D313}.Release|Any CPU.Build.0 = Release|Any CPU
		{6F52F188-D606-410C-94A3-362FDBF2D313}.Release|x64.ActiveCfg = Release|Any CPU
		{6F52F188-D606-410C-94A3-362FDBF2D313}.Release|x64.Build.0 = Release|Any CPU
		{6F52F188-D606-410C-94A3-362FDBF2D313}.Release|x86.ActiveCfg = Release|Any CPU
		{6F52F188-D606-410C-94A3-362FDBF2D313}.Release|x86.Build.0 = Release|Any CPU
		{CF7DDA34-9B70-47CC-B0E1-D4440892308C}.Debug|Any CPU.ActiveCfg = Debug|Any CPU
		{CF7DDA34-9B70-47CC-B0E1-D4440892308C}.Debug|Any CPU.Build.0 = Debug|Any CPU
		{CF7DDA34-9B70-47CC-B0E1-D4440892308C}.Debug|x64.ActiveCfg = Debug|Any CPU
		{CF7DDA34-9B70-47CC-B0E1-D4440892308C}.Debug|x64.Build.0 = Debug|Any CPU
		{CF7DDA34-9B70-47CC-B0E1-D4440892308C}.Debug|x86.ActiveCfg = Debug|Any CPU
		{CF7DDA34-9B70-47CC-B0E1-D4440892308C}.Debug|x86.Build.0 = Debug|Any CPU
		{CF7DDA34-9B70-47CC-B0E1-D4440892308C}.Release|Any CPU.ActiveCfg = Release|Any CPU
		{CF7DDA34-9B70-47CC-B0E1-D4440892308C}.Release|Any CPU.Build.0 = Release|Any CPU
		{CF7DDA34-9B70-47CC-B0E1-D4440892308C}.Release|x64.ActiveCfg = Release|Any CPU
		{CF7DDA34-9B70-47CC-B0E1-D4440892308C}.Release|x64.Build.0 = Release|Any CPU
		{CF7DDA34-9B70-47CC-B0E1-D4440892308C}.Release|x86.ActiveCfg = Release|Any CPU
		{CF7DDA34-9B70-47CC-B0E1-D4440892308C}.Release|x86.Build.0 = Release|Any CPU
		{777D53F1-F5E0-45D4-8FEB-EC5394BD036D}.Debug|Any CPU.ActiveCfg = Debug|Any CPU
		{777D53F1-F5E0-45D4-8FEB-EC5394BD036D}.Debug|Any CPU.Build.0 = Debug|Any CPU
		{777D53F1-F5E0-45D4-8FEB-EC5394BD036D}.Debug|x64.ActiveCfg = Debug|Any CPU
		{777D53F1-F5E0-45D4-8FEB-EC5394BD036D}.Debug|x64.Build.0 = Debug|Any CPU
		{777D53F1-F5E0-45D4-8FEB-EC5394BD036D}.Debug|x86.ActiveCfg = Debug|Any CPU
		{777D53F1-F5E0-45D4-8FEB-EC5394BD036D}.Debug|x86.Build.0 = Debug|Any CPU
		{777D53F1-F5E0-45D4-8FEB-EC5394BD036D}.Release|Any CPU.ActiveCfg = Release|Any CPU
		{777D53F1-F5E0-45D4-8FEB-EC5394BD036D}.Release|Any CPU.Build.0 = Release|Any CPU
		{777D53F1-F5E0-45D4-8FEB-EC5394BD036D}.Release|x64.ActiveCfg = Release|Any CPU
		{777D53F1-F5E0-45D4-8FEB-EC5394BD036D}.Release|x64.Build.0 = Release|Any CPU
		{777D53F1-F5E0-45D4-8FEB-EC5394BD036D}.Release|x86.ActiveCfg = Release|Any CPU
		{777D53F1-F5E0-45D4-8FEB-EC5394BD036D}.Release|x86.Build.0 = Release|Any CPU
		{306E5A13-F765-446C-9DD2-CCFA078E10EB}.Debug|Any CPU.ActiveCfg = Debug|Any CPU
		{306E5A13-F765-446C-9DD2-CCFA078E10EB}.Debug|Any CPU.Build.0 = Debug|Any CPU
		{306E5A13-F765-446C-9DD2-CCFA078E10EB}.Debug|x64.ActiveCfg = Debug|Any CPU
		{306E5A13-F765-446C-9DD2-CCFA078E10EB}.Debug|x64.Build.0 = Debug|Any CPU
		{306E5A13-F765-446C-9DD2-CCFA078E10EB}.Debug|x86.ActiveCfg = Debug|Any CPU
		{306E5A13-F765-446C-9DD2-CCFA078E10EB}.Debug|x86.Build.0 = Debug|Any CPU
		{306E5A13-F765-446C-9DD2-CCFA078E10EB}.Release|Any CPU.ActiveCfg = Release|Any CPU
		{306E5A13-F765-446C-9DD2-CCFA078E10EB}.Release|Any CPU.Build.0 = Release|Any CPU
		{306E5A13-F765-446C-9DD2-CCFA078E10EB}.Release|x64.ActiveCfg = Release|Any CPU
		{306E5A13-F765-446C-9DD2-CCFA078E10EB}.Release|x64.Build.0 = Release|Any CPU
		{306E5A13-F765-446C-9DD2-CCFA078E10EB}.Release|x86.ActiveCfg = Release|Any CPU
		{306E5A13-F765-446C-9DD2-CCFA078E10EB}.Release|x86.Build.0 = Release|Any CPU
		{28E81DBD-9A52-4F38-ABA4-DD10065E9B0C}.Debug|Any CPU.ActiveCfg = Debug|Any CPU
		{28E81DBD-9A52-4F38-ABA4-DD10065E9B0C}.Debug|Any CPU.Build.0 = Debug|Any CPU
		{28E81DBD-9A52-4F38-ABA4-DD10065E9B0C}.Debug|x64.ActiveCfg = Debug|Any CPU
		{28E81DBD-9A52-4F38-ABA4-DD10065E9B0C}.Debug|x64.Build.0 = Debug|Any CPU
		{28E81DBD-9A52-4F38-ABA4-DD10065E9B0C}.Debug|x86.ActiveCfg = Debug|Any CPU
		{28E81DBD-9A52-4F38-ABA4-DD10065E9B0C}.Debug|x86.Build.0 = Debug|Any CPU
		{28E81DBD-9A52-4F38-ABA4-DD10065E9B0C}.Release|Any CPU.ActiveCfg = Release|Any CPU
		{28E81DBD-9A52-4F38-ABA4-DD10065E9B0C}.Release|Any CPU.Build.0 = Release|Any CPU
		{28E81DBD-9A52-4F38-ABA4-DD10065E9B0C}.Release|x64.ActiveCfg = Release|Any CPU
		{28E81DBD-9A52-4F38-ABA4-DD10065E9B0C}.Release|x64.Build.0 = Release|Any CPU
		{28E81DBD-9A52-4F38-ABA4-DD10065E9B0C}.Release|x86.ActiveCfg = Release|Any CPU
		{28E81DBD-9A52-4F38-ABA4-DD10065E9B0C}.Release|x86.Build.0 = Release|Any CPU
		{81E987BF-60FD-44F2-B528-78F9D5A3D112}.Debug|Any CPU.ActiveCfg = Debug|Any CPU
		{81E987BF-60FD-44F2-B528-78F9D5A3D112}.Debug|Any CPU.Build.0 = Debug|Any CPU
		{81E987BF-60FD-44F2-B528-78F9D5A3D112}.Debug|x64.ActiveCfg = Debug|Any CPU
		{81E987BF-60FD-44F2-B528-78F9D5A3D112}.Debug|x64.Build.0 = Debug|Any CPU
		{81E987BF-60FD-44F2-B528-78F9D5A3D112}.Debug|x86.ActiveCfg = Debug|Any CPU
		{81E987BF-60FD-44F2-B528-78F9D5A3D112}.Debug|x86.Build.0 = Debug|Any CPU
		{81E987BF-60FD-44F2-B528-78F9D5A3D112}.Release|Any CPU.ActiveCfg = Release|Any CPU
		{81E987BF-60FD-44F2-B528-78F9D5A3D112}.Release|Any CPU.Build.0 = Release|Any CPU
		{81E987BF-60FD-44F2-B528-78F9D5A3D112}.Release|x64.ActiveCfg = Release|Any CPU
		{81E987BF-60FD-44F2-B528-78F9D5A3D112}.Release|x64.Build.0 = Release|Any CPU
		{81E987BF-60FD-44F2-B528-78F9D5A3D112}.Release|x86.ActiveCfg = Release|Any CPU
		{81E987BF-60FD-44F2-B528-78F9D5A3D112}.Release|x86.Build.0 = Release|Any CPU
	EndGlobalSection
	GlobalSection(SolutionProperties) = preSolution
		HideSolutionNode = FALSE
	EndGlobalSection
	GlobalSection(NestedProjects) = preSolution
		{6F52F188-D606-410C-94A3-362FDBF2D313} = {39CBC28C-A189-4A8B-A5A0-EB4F89A684CF}
		{CF7DDA34-9B70-47CC-B0E1-D4440892308C} = {BC47333A-FBE7-4A16-849A-709C6EBF7D40}
		{777D53F1-F5E0-45D4-8FEB-EC5394BD036D} = {39CBC28C-A189-4A8B-A5A0-EB4F89A684CF}
		{306E5A13-F765-446C-9DD2-CCFA078E10EB} = {39CBC28C-A189-4A8B-A5A0-EB4F89A684CF}
		{28E81DBD-9A52-4F38-ABA4-DD10065E9B0C} = {39CBC28C-A189-4A8B-A5A0-EB4F89A684CF}
		{81E987BF-60FD-44F2-B528-78F9D5A3D112} = {39CBC28C-A189-4A8B-A5A0-EB4F89A684CF}
	EndGlobalSection
	GlobalSection(ExtensibilityGlobals) = postSolution
		SolutionGuid = {58329F1B-0ADB-47A5-8677-7D0C87788051}
	EndGlobalSection
EndGlobal
