
Microsoft Visual Studio Solution File, Format Version 12.00
# Visual Studio 15
VisualStudioVersion = 15.0.26124.0
MinimumVisualStudioVersion = 15.0.26124.0
Project("{2150E333-8FDC-42A3-9474-1A3956D46DE8}") = "src", "src", "{39CBC28C-A189-4A8B-A5A0-EB4F89A684CF}"
EndProject
Project("{FAE04EC0-301F-11D3-BF4B-00C04F79EFBC}") = "MicroElements.MetadataModel", "src\MicroElements.MetadataModel\MicroElements.MetadataModel.csproj", "{6F52F188-D606-410C-94A3-362FDBF2D313}"
EndProject
Project("{2150E333-8FDC-42A3-9474-1A3956D46DE8}") = "test", "test", "{BC47333A-FBE7-4A16-849A-709C6EBF7D40}"
EndProject
Project("{FAE04EC0-301F-11D3-BF4B-00C04F79EFBC}") = "MicroElements.MetadataModel.Tests", "test\MicroElements.MetadataModel.Tests\MicroElements.MetadataModel.Tests.csproj", "{CF7DDA34-9B70-47CC-B0E1-D4440892308C}"
EndProject
Global
	GlobalSection(SolutionConfigurationPlatforms) = preSolution
		Debug|Any CPU = Debug|Any CPU
		Debug|x64 = Debug|x64
		Debug|x86 = Debug|x86
		Release|Any CPU = Release|Any CPU
		Release|x64 = Release|x64
		Release|x86 = Release|x86
	EndGlobalSection
	GlobalSection(SolutionProperties) = preSolution
		HideSolutionNode = FALSE
	EndGlobalSection
	GlobalSection(ProjectConfigurationPlatforms) = postSolution
		{6F52F188-D606-410C-94A3-362FDBF2D313}.Debug|Any CPU.ActiveCfg = Debug|Any CPU
		{6F52F188-D606-410C-94A3-362FDBF2D313}.Debug|Any CPU.Build.0 = Debug|Any CPU
		{6F52F188-D606-410C-94A3-362FDBF2D313}.Debug|x64.ActiveCfg = Debug|Any CPU
		{6F52F188-D606-410C-94A3-362FDBF2D313}.Debug|x64.Build.0 = Debug|Any CPU
		{6F52F188-D606-410C-94A3-362FDBF2D313}.Debug|x86.ActiveCfg = Debug|Any CPU
		{6F52F188-D606-410C-94A3-362FDBF2D313}.Debug|x86.Build.0 = Debug|Any CPU
		{6F52F188-D606-410C-94A3-362FDBF2D313}.Release|Any CPU.ActiveCfg = Release|Any CPU
		{6F52F188-D606-410C-94A3-362FDBF2D313}.Release|Any CPU.Build.0 = Release|Any CPU
		{6F52F188-D606-410C-94A3-362FDBF2D313}.Release|x64.ActiveCfg = Release|Any CPU
		{6F52F188-D606-410C-94A3-362FDBF2D313}.Release|x64.Build.0 = Release|Any CPU
		{6F52F188-D606-410C-94A3-362FDBF2D313}.Release|x86.ActiveCfg = Release|Any CPU
		{6F52F188-D606-410C-94A3-362FDBF2D313}.Release|x86.Build.0 = Release|Any CPU
		{CF7DDA34-9B70-47CC-B0E1-D4440892308C}.Debug|Any CPU.ActiveCfg = Debug|Any CPU
		{CF7DDA34-9B70-47CC-B0E1-D4440892308C}.Debug|Any CPU.Build.0 = Debug|Any CPU
		{CF7DDA34-9B70-47CC-B0E1-D4440892308C}.Debug|x64.ActiveCfg = Debug|Any CPU
		{CF7DDA34-9B70-47CC-B0E1-D4440892308C}.Debug|x64.Build.0 = Debug|Any CPU
		{CF7DDA34-9B70-47CC-B0E1-D4440892308C}.Debug|x86.ActiveCfg = Debug|Any CPU
		{CF7DDA34-9B70-47CC-B0E1-D4440892308C}.Debug|x86.Build.0 = Debug|Any CPU
		{CF7DDA34-9B70-47CC-B0E1-D4440892308C}.Release|Any CPU.ActiveCfg = Release|Any CPU
		{CF7DDA34-9B70-47CC-B0E1-D4440892308C}.Release|Any CPU.Build.0 = Release|Any CPU
		{CF7DDA34-9B70-47CC-B0E1-D4440892308C}.Release|x64.ActiveCfg = Release|Any CPU
		{CF7DDA34-9B70-47CC-B0E1-D4440892308C}.Release|x64.Build.0 = Release|Any CPU
		{CF7DDA34-9B70-47CC-B0E1-D4440892308C}.Release|x86.ActiveCfg = Release|Any CPU
		{CF7DDA34-9B70-47CC-B0E1-D4440892308C}.Release|x86.Build.0 = Release|Any CPU
	EndGlobalSection
	GlobalSection(NestedProjects) = preSolution
		{6F52F188-D606-410C-94A3-362FDBF2D313} = {39CBC28C-A189-4A8B-A5A0-EB4F89A684CF}
		{CF7DDA34-9B70-47CC-B0E1-D4440892308C} = {BC47333A-FBE7-4A16-849A-709C6EBF7D40}
	EndGlobalSection
EndGlobal
